
Microsoft Visual Studio Solution File, Format Version 12.00
# Visual Studio Version 17
VisualStudioVersion = 17.3.32922.545
MinimumVisualStudioVersion = 10.0.40219.1
Project("{FAE04EC0-301F-11D3-BF4B-00C04F79EFBC}") = "Battle Royale", "Battle Royale.csproj", "{96D2DD74-4D32-4BC5-B600-5C91199FA11F}"
EndProject
Global
	GlobalSection(SolutionConfigurationPlatforms) = preSolution
		Debug|Any CPU = Debug|Any CPU
		Release|Any CPU = Release|Any CPU
	EndGlobalSection
	GlobalSection(ProjectConfigurationPlatforms) = postSolution
		{96D2DD74-4D32-4BC5-B600-5C91199FA11F}.Debug|Any CPU.ActiveCfg = Debug|Any CPU
		{96D2DD74-4D32-4BC5-B600-5C91199FA11F}.Debug|Any CPU.Build.0 = Debug|Any CPU
		{96D2DD74-4D32-4BC5-B600-5C91199FA11F}.Release|Any CPU.ActiveCfg = Release|Any CPU
		{96D2DD74-4D32-4BC5-B600-5C91199FA11F}.Release|Any CPU.Build.0 = Release|Any CPU
	EndGlobalSection
	GlobalSection(SolutionProperties) = preSolution
		HideSolutionNode = FALSE
	EndGlobalSection
	GlobalSection(ExtensibilityGlobals) = postSolution
		SolutionGuid = {F366B0A8-58FB-48B2-BB36-39AF08F2C73F}
	EndGlobalSection
EndGlobal
